
Microsoft Visual Studio Solution File, Format Version 12.00
Project("{2150E333-8FDC-42A3-9474-1A3956D46DE8}") = "Organizations", "Organizations", "{9C03BD97-F64F-49F4-B835-AFE3640AD8E6}"
EndProject
Project("{FAE04EC0-301F-11D3-BF4B-00C04F79EFBC}") = "Organizations.Domain", "Organizations\Organizations.Domain\Organizations.Domain.csproj", "{B117DC05-7575-4428-83BD-25401E609F87}"
EndProject
Project("{2150E333-8FDC-42A3-9474-1A3956D46DE8}") = "Tickets", "Tickets", "{979F729E-63B2-4606-8F82-A91C8BB6EF1E}"
EndProject
Project("{2150E333-8FDC-42A3-9474-1A3956D46DE8}") = "Payments", "Payments", "{9802F40D-7FCD-4AB7-B5A5-F7B13315D4DA}"
EndProject
Project("{2150E333-8FDC-42A3-9474-1A3956D46DE8}") = "Events", "Events", "{38A06F7E-83E6-476A-A0FE-C12F9F7BEB95}"
EndProject
Project("{FAE04EC0-301F-11D3-BF4B-00C04F79EFBC}") = "Events.Domain", "Events\Events.Domain\Events.Domain.csproj", "{DCF9F3B0-6571-4E3B-BB00-5F73DEAF412B}"
EndProject
Project("{FAE04EC0-301F-11D3-BF4B-00C04F79EFBC}") = "Payments.Domain", "Payments\Payments.Domain\Payments.Domain.csproj", "{B6703F5C-5C16-45F4-B7FE-ECCA5764878A}"
EndProject
Project("{FAE04EC0-301F-11D3-BF4B-00C04F79EFBC}") = "Tickets.Domain", "Tickets\Tickets.Domain\Tickets.Domain.csproj", "{01E2ABBD-6F08-420F-9D4E-5EAE34D031B6}"
EndProject
Project("{FAE04EC0-301F-11D3-BF4B-00C04F79EFBC}") = "Events.Application", "Events\Events.Application\Events.Application.csproj", "{BA457E7A-E2D2-4F59-A205-85D68E7332F7}"
EndProject
Project("{FAE04EC0-301F-11D3-BF4B-00C04F79EFBC}") = "Events.Infrastructure", "Events\Events.Infrastructure\Events.Infrastructure.csproj", "{05FCB2B7-7DB0-422D-A1F9-2C63C0E45DE9}"
EndProject
Project("{FAE04EC0-301F-11D3-BF4B-00C04F79EFBC}") = "Events.Api", "Events\Events.Api\Events.Api.csproj", "{B7AA3824-F58A-4366-999A-DA7CDDD6BD34}"
EndProject
Project("{FAE04EC0-301F-11D3-BF4B-00C04F79EFBC}") = "Events.Grpc", "Events\Events.Grpc\Events.Grpc.csproj", "{D1436274-1C99-4F71-9363-7F7FCA471362}"
EndProject
Project("{FAE04EC0-301F-11D3-BF4B-00C04F79EFBC}") = "Organizations.Application", "Organizations\Organizations.Application\Organizations.Application.csproj", "{CBAE16D9-4217-4E66-826A-381DF69D6395}"
EndProject
Project("{FAE04EC0-301F-11D3-BF4B-00C04F79EFBC}") = "Organizations.Infrastructure", "Organizations\Organizations.Infrastructure\Organizations.Infrastructure.csproj", "{95523B9B-57D7-432D-816F-09A7A231B9EC}"
EndProject
Project("{FAE04EC0-301F-11D3-BF4B-00C04F79EFBC}") = "Payments.Application", "Payments\Payments.Application\Payments.Application.csproj", "{D0B19DBD-6481-41CA-B207-6A4FA9758959}"
EndProject
Project("{FAE04EC0-301F-11D3-BF4B-00C04F79EFBC}") = "Payments.Infrastructure", "Payments\Payments.Infrastructure\Payments.Infrastructure.csproj", "{651C35AD-FFD8-4FC8-BBC4-AEB4AA1B5F23}"
EndProject
Project("{FAE04EC0-301F-11D3-BF4B-00C04F79EFBC}") = "Tickets.Application", "Tickets\Tickets.Application\Tickets.Application.csproj", "{8239EFF2-2364-4C3F-B526-C1461C002248}"
EndProject
Project("{FAE04EC0-301F-11D3-BF4B-00C04F79EFBC}") = "Tickets.Infrastructure", "Tickets\Tickets.Infrastructure\Tickets.Infrastructure.csproj", "{3AE3BE47-2B3C-4924-94AA-4271058EB040}"
EndProject
Project("{FAE04EC0-301F-11D3-BF4B-00C04F79EFBC}") = "Organizations.Api", "Organizations\Organizations.Api\Organizations.Api.csproj", "{210CEFCA-7E90-4B2B-B420-ED4D881773E4}"
EndProject
Project("{FAE04EC0-301F-11D3-BF4B-00C04F79EFBC}") = "Organizations.Grpc", "Organizations\Organizations.Grpc\Organizations.Grpc.csproj", "{61328B7B-07F7-4A10-8538-C66E2EBBA47B}"
EndProject
Project("{FAE04EC0-301F-11D3-BF4B-00C04F79EFBC}") = "Payments.Grpc", "Payments\Payments.Grpc\Payments.Grpc.csproj", "{FC4D9AD5-23AD-42DB-8D51-18DABCB67E98}"
EndProject
Project("{FAE04EC0-301F-11D3-BF4B-00C04F79EFBC}") = "Tickets.Grpc", "Tickets\Tickets.Grpc\Tickets.Grpc.csproj", "{054D442C-AA2C-493B-8D0D-EFC86EA4C4BD}"
EndProject
Project("{FAE04EC0-301F-11D3-BF4B-00C04F79EFBC}") = "Payments.Api", "Payments\Payments.Api\Payments.Api.csproj", "{9EB2968C-F3F0-4F20-9C87-206209224A37}"
EndProject
Project("{FAE04EC0-301F-11D3-BF4B-00C04F79EFBC}") = "Tickets.Api", "Tickets\Tickets.Api\Tickets.Api.csproj", "{09A87C00-182C-4339-9409-48969B9A4161}"
EndProject
Project("{FAE04EC0-301F-11D3-BF4B-00C04F79EFBC}") = "Web", "Web\Web.csproj", "{3D5138E0-D03A-43C5-9110-898FDBD04822}"
EndProject
Project("{2150E333-8FDC-42A3-9474-1A3956D46DE8}") = "Common", "Common", "{4EDFD3B0-386C-4554-879B-633976F6A7F7}"
EndProject
Project("{FAE04EC0-301F-11D3-BF4B-00C04F79EFBC}") = "Common.Application", "Common\Common.Application\Common.Application.csproj", "{B74B6414-45C7-4343-9E2E-CD3959E9C401}"
EndProject
Project("{FAE04EC0-301F-11D3-BF4B-00C04F79EFBC}") = "Dos", "Dos\Dos.csproj", "{3A4D80A0-3534-445D-8058-BB45A7C76657}"
EndProject
Global
	GlobalSection(SolutionConfigurationPlatforms) = preSolution
		Debug|Any CPU = Debug|Any CPU
		Release|Any CPU = Release|Any CPU
	EndGlobalSection
	GlobalSection(NestedProjects) = preSolution
		{B117DC05-7575-4428-83BD-25401E609F87} = {9C03BD97-F64F-49F4-B835-AFE3640AD8E6}
		{DCF9F3B0-6571-4E3B-BB00-5F73DEAF412B} = {38A06F7E-83E6-476A-A0FE-C12F9F7BEB95}
		{B6703F5C-5C16-45F4-B7FE-ECCA5764878A} = {9802F40D-7FCD-4AB7-B5A5-F7B13315D4DA}
		{01E2ABBD-6F08-420F-9D4E-5EAE34D031B6} = {979F729E-63B2-4606-8F82-A91C8BB6EF1E}
		{BA457E7A-E2D2-4F59-A205-85D68E7332F7} = {38A06F7E-83E6-476A-A0FE-C12F9F7BEB95}
		{05FCB2B7-7DB0-422D-A1F9-2C63C0E45DE9} = {38A06F7E-83E6-476A-A0FE-C12F9F7BEB95}
		{B7AA3824-F58A-4366-999A-DA7CDDD6BD34} = {38A06F7E-83E6-476A-A0FE-C12F9F7BEB95}
		{D1436274-1C99-4F71-9363-7F7FCA471362} = {38A06F7E-83E6-476A-A0FE-C12F9F7BEB95}
		{CBAE16D9-4217-4E66-826A-381DF69D6395} = {9C03BD97-F64F-49F4-B835-AFE3640AD8E6}
		{95523B9B-57D7-432D-816F-09A7A231B9EC} = {9C03BD97-F64F-49F4-B835-AFE3640AD8E6}
		{D0B19DBD-6481-41CA-B207-6A4FA9758959} = {9802F40D-7FCD-4AB7-B5A5-F7B13315D4DA}
		{651C35AD-FFD8-4FC8-BBC4-AEB4AA1B5F23} = {9802F40D-7FCD-4AB7-B5A5-F7B13315D4DA}
		{8239EFF2-2364-4C3F-B526-C1461C002248} = {979F729E-63B2-4606-8F82-A91C8BB6EF1E}
		{3AE3BE47-2B3C-4924-94AA-4271058EB040} = {979F729E-63B2-4606-8F82-A91C8BB6EF1E}
		{210CEFCA-7E90-4B2B-B420-ED4D881773E4} = {9C03BD97-F64F-49F4-B835-AFE3640AD8E6}
		{61328B7B-07F7-4A10-8538-C66E2EBBA47B} = {9C03BD97-F64F-49F4-B835-AFE3640AD8E6}
		{FC4D9AD5-23AD-42DB-8D51-18DABCB67E98} = {9802F40D-7FCD-4AB7-B5A5-F7B13315D4DA}
		{054D442C-AA2C-493B-8D0D-EFC86EA4C4BD} = {979F729E-63B2-4606-8F82-A91C8BB6EF1E}
		{9EB2968C-F3F0-4F20-9C87-206209224A37} = {9802F40D-7FCD-4AB7-B5A5-F7B13315D4DA}
		{09A87C00-182C-4339-9409-48969B9A4161} = {979F729E-63B2-4606-8F82-A91C8BB6EF1E}
		{B74B6414-45C7-4343-9E2E-CD3959E9C401} = {4EDFD3B0-386C-4554-879B-633976F6A7F7}
	EndGlobalSection
	GlobalSection(ProjectConfigurationPlatforms) = postSolution
		{B117DC05-7575-4428-83BD-25401E609F87}.Debug|Any CPU.ActiveCfg = Debug|Any CPU
		{B117DC05-7575-4428-83BD-25401E609F87}.Debug|Any CPU.Build.0 = Debug|Any CPU
		{B117DC05-7575-4428-83BD-25401E609F87}.Release|Any CPU.ActiveCfg = Release|Any CPU
		{B117DC05-7575-4428-83BD-25401E609F87}.Release|Any CPU.Build.0 = Release|Any CPU
		{DCF9F3B0-6571-4E3B-BB00-5F73DEAF412B}.Debug|Any CPU.ActiveCfg = Debug|Any CPU
		{DCF9F3B0-6571-4E3B-BB00-5F73DEAF412B}.Debug|Any CPU.Build.0 = Debug|Any CPU
		{DCF9F3B0-6571-4E3B-BB00-5F73DEAF412B}.Release|Any CPU.ActiveCfg = Release|Any CPU
		{DCF9F3B0-6571-4E3B-BB00-5F73DEAF412B}.Release|Any CPU.Build.0 = Release|Any CPU
		{B6703F5C-5C16-45F4-B7FE-ECCA5764878A}.Debug|Any CPU.ActiveCfg = Debug|Any CPU
		{B6703F5C-5C16-45F4-B7FE-ECCA5764878A}.Debug|Any CPU.Build.0 = Debug|Any CPU
		{B6703F5C-5C16-45F4-B7FE-ECCA5764878A}.Release|Any CPU.ActiveCfg = Release|Any CPU
		{B6703F5C-5C16-45F4-B7FE-ECCA5764878A}.Release|Any CPU.Build.0 = Release|Any CPU
		{01E2ABBD-6F08-420F-9D4E-5EAE34D031B6}.Debug|Any CPU.ActiveCfg = Debug|Any CPU
		{01E2ABBD-6F08-420F-9D4E-5EAE34D031B6}.Debug|Any CPU.Build.0 = Debug|Any CPU
		{01E2ABBD-6F08-420F-9D4E-5EAE34D031B6}.Release|Any CPU.ActiveCfg = Release|Any CPU
		{01E2ABBD-6F08-420F-9D4E-5EAE34D031B6}.Release|Any CPU.Build.0 = Release|Any CPU
		{BA457E7A-E2D2-4F59-A205-85D68E7332F7}.Debug|Any CPU.ActiveCfg = Debug|Any CPU
		{BA457E7A-E2D2-4F59-A205-85D68E7332F7}.Debug|Any CPU.Build.0 = Debug|Any CPU
		{BA457E7A-E2D2-4F59-A205-85D68E7332F7}.Release|Any CPU.ActiveCfg = Release|Any CPU
		{BA457E7A-E2D2-4F59-A205-85D68E7332F7}.Release|Any CPU.Build.0 = Release|Any CPU
		{05FCB2B7-7DB0-422D-A1F9-2C63C0E45DE9}.Debug|Any CPU.ActiveCfg = Debug|Any CPU
		{05FCB2B7-7DB0-422D-A1F9-2C63C0E45DE9}.Debug|Any CPU.Build.0 = Debug|Any CPU
		{05FCB2B7-7DB0-422D-A1F9-2C63C0E45DE9}.Release|Any CPU.ActiveCfg = Release|Any CPU
		{05FCB2B7-7DB0-422D-A1F9-2C63C0E45DE9}.Release|Any CPU.Build.0 = Release|Any CPU
		{B7AA3824-F58A-4366-999A-DA7CDDD6BD34}.Debug|Any CPU.ActiveCfg = Debug|Any CPU
		{B7AA3824-F58A-4366-999A-DA7CDDD6BD34}.Debug|Any CPU.Build.0 = Debug|Any CPU
		{B7AA3824-F58A-4366-999A-DA7CDDD6BD34}.Release|Any CPU.ActiveCfg = Release|Any CPU
		{B7AA3824-F58A-4366-999A-DA7CDDD6BD34}.Release|Any CPU.Build.0 = Release|Any CPU
		{D1436274-1C99-4F71-9363-7F7FCA471362}.Debug|Any CPU.ActiveCfg = Debug|Any CPU
		{D1436274-1C99-4F71-9363-7F7FCA471362}.Debug|Any CPU.Build.0 = Debug|Any CPU
		{D1436274-1C99-4F71-9363-7F7FCA471362}.Release|Any CPU.ActiveCfg = Release|Any CPU
		{D1436274-1C99-4F71-9363-7F7FCA471362}.Release|Any CPU.Build.0 = Release|Any CPU
		{CBAE16D9-4217-4E66-826A-381DF69D6395}.Debug|Any CPU.ActiveCfg = Debug|Any CPU
		{CBAE16D9-4217-4E66-826A-381DF69D6395}.Debug|Any CPU.Build.0 = Debug|Any CPU
		{CBAE16D9-4217-4E66-826A-381DF69D6395}.Release|Any CPU.ActiveCfg = Release|Any CPU
		{CBAE16D9-4217-4E66-826A-381DF69D6395}.Release|Any CPU.Build.0 = Release|Any CPU
		{95523B9B-57D7-432D-816F-09A7A231B9EC}.Debug|Any CPU.ActiveCfg = Debug|Any CPU
		{95523B9B-57D7-432D-816F-09A7A231B9EC}.Debug|Any CPU.Build.0 = Debug|Any CPU
		{95523B9B-57D7-432D-816F-09A7A231B9EC}.Release|Any CPU.ActiveCfg = Release|Any CPU
		{95523B9B-57D7-432D-816F-09A7A231B9EC}.Release|Any CPU.Build.0 = Release|Any CPU
		{D0B19DBD-6481-41CA-B207-6A4FA9758959}.Debug|Any CPU.ActiveCfg = Debug|Any CPU
		{D0B19DBD-6481-41CA-B207-6A4FA9758959}.Debug|Any CPU.Build.0 = Debug|Any CPU
		{D0B19DBD-6481-41CA-B207-6A4FA9758959}.Release|Any CPU.ActiveCfg = Release|Any CPU
		{D0B19DBD-6481-41CA-B207-6A4FA9758959}.Release|Any CPU.Build.0 = Release|Any CPU
		{651C35AD-FFD8-4FC8-BBC4-AEB4AA1B5F23}.Debug|Any CPU.ActiveCfg = Debug|Any CPU
		{651C35AD-FFD8-4FC8-BBC4-AEB4AA1B5F23}.Debug|Any CPU.Build.0 = Debug|Any CPU
		{651C35AD-FFD8-4FC8-BBC4-AEB4AA1B5F23}.Release|Any CPU.ActiveCfg = Release|Any CPU
		{651C35AD-FFD8-4FC8-BBC4-AEB4AA1B5F23}.Release|Any CPU.Build.0 = Release|Any CPU
		{8239EFF2-2364-4C3F-B526-C1461C002248}.Debug|Any CPU.ActiveCfg = Debug|Any CPU
		{8239EFF2-2364-4C3F-B526-C1461C002248}.Debug|Any CPU.Build.0 = Debug|Any CPU
		{8239EFF2-2364-4C3F-B526-C1461C002248}.Release|Any CPU.ActiveCfg = Release|Any CPU
		{8239EFF2-2364-4C3F-B526-C1461C002248}.Release|Any CPU.Build.0 = Release|Any CPU
		{3AE3BE47-2B3C-4924-94AA-4271058EB040}.Debug|Any CPU.ActiveCfg = Debug|Any CPU
		{3AE3BE47-2B3C-4924-94AA-4271058EB040}.Debug|Any CPU.Build.0 = Debug|Any CPU
		{3AE3BE47-2B3C-4924-94AA-4271058EB040}.Release|Any CPU.ActiveCfg = Release|Any CPU
		{3AE3BE47-2B3C-4924-94AA-4271058EB040}.Release|Any CPU.Build.0 = Release|Any CPU
		{210CEFCA-7E90-4B2B-B420-ED4D881773E4}.Debug|Any CPU.ActiveCfg = Debug|Any CPU
		{210CEFCA-7E90-4B2B-B420-ED4D881773E4}.Debug|Any CPU.Build.0 = Debug|Any CPU
		{210CEFCA-7E90-4B2B-B420-ED4D881773E4}.Release|Any CPU.ActiveCfg = Release|Any CPU
		{210CEFCA-7E90-4B2B-B420-ED4D881773E4}.Release|Any CPU.Build.0 = Release|Any CPU
		{61328B7B-07F7-4A10-8538-C66E2EBBA47B}.Debug|Any CPU.ActiveCfg = Debug|Any CPU
		{61328B7B-07F7-4A10-8538-C66E2EBBA47B}.Debug|Any CPU.Build.0 = Debug|Any CPU
		{61328B7B-07F7-4A10-8538-C66E2EBBA47B}.Release|Any CPU.ActiveCfg = Release|Any CPU
		{61328B7B-07F7-4A10-8538-C66E2EBBA47B}.Release|Any CPU.Build.0 = Release|Any CPU
		{FC4D9AD5-23AD-42DB-8D51-18DABCB67E98}.Debug|Any CPU.ActiveCfg = Debug|Any CPU
		{FC4D9AD5-23AD-42DB-8D51-18DABCB67E98}.Debug|Any CPU.Build.0 = Debug|Any CPU
		{FC4D9AD5-23AD-42DB-8D51-18DABCB67E98}.Release|Any CPU.ActiveCfg = Release|Any CPU
		{FC4D9AD5-23AD-42DB-8D51-18DABCB67E98}.Release|Any CPU.Build.0 = Release|Any CPU
		{054D442C-AA2C-493B-8D0D-EFC86EA4C4BD}.Debug|Any CPU.ActiveCfg = Debug|Any CPU
		{054D442C-AA2C-493B-8D0D-EFC86EA4C4BD}.Debug|Any CPU.Build.0 = Debug|Any CPU
		{054D442C-AA2C-493B-8D0D-EFC86EA4C4BD}.Release|Any CPU.ActiveCfg = Release|Any CPU
		{054D442C-AA2C-493B-8D0D-EFC86EA4C4BD}.Release|Any CPU.Build.0 = Release|Any CPU
		{9EB2968C-F3F0-4F20-9C87-206209224A37}.Debug|Any CPU.ActiveCfg = Debug|Any CPU
		{9EB2968C-F3F0-4F20-9C87-206209224A37}.Debug|Any CPU.Build.0 = Debug|Any CPU
		{9EB2968C-F3F0-4F20-9C87-206209224A37}.Release|Any CPU.ActiveCfg = Release|Any CPU
		{9EB2968C-F3F0-4F20-9C87-206209224A37}.Release|Any CPU.Build.0 = Release|Any CPU
		{09A87C00-182C-4339-9409-48969B9A4161}.Debug|Any CPU.ActiveCfg = Debug|Any CPU
		{09A87C00-182C-4339-9409-48969B9A4161}.Debug|Any CPU.Build.0 = Debug|Any CPU
		{09A87C00-182C-4339-9409-48969B9A4161}.Release|Any CPU.ActiveCfg = Release|Any CPU
		{09A87C00-182C-4339-9409-48969B9A4161}.Release|Any CPU.Build.0 = Release|Any CPU
		{3D5138E0-D03A-43C5-9110-898FDBD04822}.Debug|Any CPU.ActiveCfg = Debug|Any CPU
		{3D5138E0-D03A-43C5-9110-898FDBD04822}.Debug|Any CPU.Build.0 = Debug|Any CPU
		{3D5138E0-D03A-43C5-9110-898FDBD04822}.Release|Any CPU.ActiveCfg = Release|Any CPU
		{3D5138E0-D03A-43C5-9110-898FDBD04822}.Release|Any CPU.Build.0 = Release|Any CPU
		{B74B6414-45C7-4343-9E2E-CD3959E9C401}.Debug|Any CPU.ActiveCfg = Debug|Any CPU
		{B74B6414-45C7-4343-9E2E-CD3959E9C401}.Debug|Any CPU.Build.0 = Debug|Any CPU
		{B74B6414-45C7-4343-9E2E-CD3959E9C401}.Release|Any CPU.ActiveCfg = Release|Any CPU
		{B74B6414-45C7-4343-9E2E-CD3959E9C401}.Release|Any CPU.Build.0 = Release|Any CPU
		{3A4D80A0-3534-445D-8058-BB45A7C76657}.Debug|Any CPU.ActiveCfg = Debug|Any CPU
		{3A4D80A0-3534-445D-8058-BB45A7C76657}.Debug|Any CPU.Build.0 = Debug|Any CPU
		{3A4D80A0-3534-445D-8058-BB45A7C76657}.Release|Any CPU.ActiveCfg = Release|Any CPU
		{3A4D80A0-3534-445D-8058-BB45A7C76657}.Release|Any CPU.Build.0 = Release|Any CPU
	EndGlobalSection
EndGlobal
